PODS:
  - ReachabilitySwift (5.0.0)
  - Realm (10.29.0):
    - Realm/Headers (= 10.29.0)
  - Realm/Headers (10.29.0)
  - RealmSwift (10.29.0):
    - Realm (= 10.29.0)
  - SDWebImage (5.13.2):
    - SDWebImage/Core (= 5.13.2)
  - SDWebImage/Core (5.13.2)

DEPENDENCIES:
  - ReachabilitySwift
  - RealmSwift
  - SDWebImage

SPEC REPOS:
  trunk:
    - ReachabilitySwift
    - Realm
    - RealmSwift
    - SDWebImage

SPEC CHECKSUMS:
  ReachabilitySwift: 985039c6f7b23a1da463388634119492ff86c825
  Realm: 5596770daeff1ad76c8eb10d5947dc10472da779
  RealmSwift: 35d8d318b7e5a8dbc7096c2a243184e4d19abcc0
  SDWebImage: 72f86271a6f3139cc7e4a89220946489d4b9a866

PODFILE CHECKSUM: f34bc9b1b3ab1d07d2690657baff950855f36fc9

COCOAPODS: 1.11.3
