// !$*UTF8*$!
{
	archiveVersion = 1;
	classes = {
	};
	objectVersion = 51;
	objects = {

/* Begin PBXBuildFile section */
		AA0000000000000000000001 /* AppCoordinator.swift in Sources */ = {isa = PBXBuildFile; fileRef = AA0000000000000000000011 /* AppCoordinator.swift */; };
		AA0000000000000000000002 /* HeroService.swift in Sources */ = {isa = PBXBuildFile; fileRef = AA0000000000000000000012 /* HeroService.swift */; };
		AA0000000000000000000003 /* FavoritesStore.swift in Sources */ = {isa = PBXBuildFile; fileRef = AA0000000000000000000013 /* FavoritesStore.swift */; };
		BB0000000000000000000001 /* MarvelImageLoader in Frameworks */ = {isa = PBXBuildFile; productRef = BB0000000000000000000003 /* MarvelImageLoader */; };
		CC0000000000000000000001 /* MarvelDesignSystem in Frameworks */ = {isa = PBXBuildFile; productRef = CC0000000000000000000007 /* MarvelDesignSystem */; };
		CC0000000000000000000002 /* Localizable.swift in Sources */ = {isa = PBXBuildFile; fileRef = CC0000000000000000000003 /* Localizable.swift */; };
		CC0000000000000000000004 /* Localizable.xcstrings in Resources */ = {isa = PBXBuildFile; fileRef = CC0000000000000000000005 /* Localizable.xcstrings */; };
		AA0000000000000000000005 /* HeroesCatalogViewModel.swift in Sources */ = {isa = PBXBuildFile; fileRef = AA0000000000000000000015 /* HeroesCatalogViewModel.swift */; };
		AA0000000000000000000006 /* HeroesDetailsViewModel.swift in Sources */ = {isa = PBXBuildFile; fileRef = AA0000000000000000000016 /* HeroesDetailsViewModel.swift */; };
		5025353325A7C60A00B03C4D /* ListFlowLayout.swift in Sources */ = {isa = PBXBuildFile; fileRef = 5025353225A7C60A00B03C4D /* ListFlowLayout.swift */; };
		5025353525A7EA7300B03C4D /* UIViewController+Alert.swift in Sources */ = {isa = PBXBuildFile; fileRef = 5025353425A7EA7300B03C4D /* UIViewController+Alert.swift */; };
		50733D2325AA7A2A00EAC4FF /* HeroesCollectionListCell.swift in Sources */ = {isa = PBXBuildFile; fileRef = 50733D2225AA7A2A00EAC4FF /* HeroesCollectionListCell.swift */; };
		509EEC5B25AC90470057441B /* HeroesCatalogViewControllerDataSource.swift in Sources */ = {isa = PBXBuildFile; fileRef = 509EEC5A25AC90470057441B /* HeroesCatalogViewControllerDataSource.swift */; };
		509EEC7A25AC92460057441B /* CharacterDTO.swift in Sources */ = {isa = PBXBuildFile; fileRef = 509EEC7925AC92460057441B /* CharacterDTO.swift */; };
		50BFB00E25ACA7BB009F34FA /* HeroesDetailsViewController.swift in Sources */ = {isa = PBXBuildFile; fileRef = 50BFB00D25ACA7BB009F34FA /* HeroesDetailsViewController.swift */; };
		50BFB01A25ACB4A1009F34FA /* DetailsCollectionViewCell.swift in Sources */ = {isa = PBXBuildFile; fileRef = 50BFB01925ACB4A1009F34FA /* DetailsCollectionViewCell.swift */; };
		50BFB02825ACC5D2009F34FA /* HeroesDetailsDataSourceDelegate.swift in Sources */ = {isa = PBXBuildFile; fileRef = 50BFB02725ACC5D2009F34FA /* HeroesDetailsDataSourceDelegate.swift */; };
		50C7BCFD25A785B4006A235D /* AppDelegate.swift in Sources */ = {isa = PBXBuildFile; fileRef = 50C7BCFC25A785B4006A235D /* AppDelegate.swift */; };
		50C7BCFF25A785B4006A235D /* SceneDelegate.swift in Sources */ = {isa = PBXBuildFile; fileRef = 50C7BCFE25A785B4006A235D /* SceneDelegate.swift */; };
		50C7BD0125A785B4006A235D /* HeroesCatalogViewController.swift in Sources */ = {isa = PBXBuildFile; fileRef = 50C7BD0025A785B4006A235D /* HeroesCatalogViewController.swift */; };
		50C7BD0625A785B6006A235D /* Assets.xcassets in Resources */ = {isa = PBXBuildFile; fileRef = 50C7BD0525A785B6006A235D /* Assets.xcassets */; };
		50C7BD0925A785B6006A235D /* LaunchScreen.storyboard in Resources */ = {isa = PBXBuildFile; fileRef = 50C7BD0725A785B6006A235D /* LaunchScreen.storyboard */; };
		50C7BD1425A785B7006A235D /* MarvelChallengeTests.swift in Sources */ = {isa = PBXBuildFile; fileRef = 50C7BD1325A785B7006A235D /* MarvelChallengeTests.swift */; };
		50C7BD2425A79BD8006A235D /* HeroesCollectionViewCell.swift in Sources */ = {isa = PBXBuildFile; fileRef = 50C7BD2225A79BD8006A235D /* HeroesCollectionViewCell.swift */; };
		50C7BD2A25A7AECF006A235D /* GridFlowLayout.swift in Sources */ = {isa = PBXBuildFile; fileRef = 50C7BD2925A7AECF006A235D /* GridFlowLayout.swift */; };
		EE0000000000000000000001 /* Character.swift in Sources */ = {isa = PBXBuildFile; fileRef = EE0000000000000000000011 /* Character.swift */; };
		FF0000000000000000000001 /* HeroesCatalogView.swift in Sources */ = {isa = PBXBuildFile; fileRef = FF0000000000000000000011 /* HeroesCatalogView.swift */; };
		FF0000000000000000000002 /* HeroesDetailsView.swift in Sources */ = {isa = PBXBuildFile; fileRef = FF0000000000000000000012 /* HeroesDetailsView.swift */; };
		AB0000000000000000000001 /* MarvelComponents.swift in Sources */ = {isa = PBXBuildFile; fileRef = AB0000000000000000000011 /* MarvelComponents.swift */; };
/* End PBXBuildFile section */

/* Begin PBXContainerItemProxy section */
		50C7BD1025A785B7006A235D /* PBXContainerItemProxy */ = {
			isa = PBXContainerItemProxy;
			containerPortal = 50C7BCF125A785B4006A235D /* Project object */;
			proxyType = 1;
			remoteGlobalIDString = 50C7BCF825A785B4006A235D;
			remoteInfo = MarvelChallenge;
		};
/* End PBXContainerItemProxy section */

/* Begin PBXCopyFilesBuildPhase section */
		509EEBC325AC284F0057441B /* Embed App Extensions */ = {
			isa = PBXCopyFilesBuildPhase;
			buildActionMask = 2147483647;
			dstPath = "";
			dstSubfolderSpec = 13;
			files = (
			);
			name = "Embed App Extensions";
			runOnlyForDeploymentPostprocessing = 0;
		};
/* End PBXCopyFilesBuildPhase section */

/* Begin PBXFileReference section */
		5025353225A7C60A00B03C4D /* ListFlowLayout.swift */ = {isa = PBXFileReference; lastKnownFileType = sourcecode.swift; path = ListFlowLayout.swift; sourceTree = "<group>"; };
		AA0000000000000000000011 /* AppCoordinator.swift */ = {isa = PBXFileReference; lastKnownFileType = sourcecode.swift; path = AppCoordinator.swift; sourceTree = "<group>"; };
		AA0000000000000000000012 /* HeroService.swift */ = {isa = PBXFileReference; lastKnownFileType = sourcecode.swift; path = HeroService.swift; sourceTree = "<group>"; };
		AA0000000000000000000013 /* FavoritesStore.swift */ = {isa = PBXFileReference; lastKnownFileType = sourcecode.swift; path = FavoritesStore.swift; sourceTree = "<group>"; };
		AA0000000000000000000015 /* HeroesCatalogViewModel.swift */ = {isa = PBXFileReference; lastKnownFileType = sourcecode.swift; path = HeroesCatalogViewModel.swift; sourceTree = "<group>"; };
		AA0000000000000000000016 /* HeroesDetailsViewModel.swift */ = {isa = PBXFileReference; lastKnownFileType = sourcecode.swift; path = HeroesDetailsViewModel.swift; sourceTree = "<group>"; };
		5025353425A7EA7300B03C4D /* UIViewController+Alert.swift */ = {isa = PBXFileReference; lastKnownFileType = sourcecode.swift; path = "UIViewController+Alert.swift"; sourceTree = "<group>"; };
		50733D2225AA7A2A00EAC4FF /* HeroesCollectionListCell.swift */ = {isa = PBXFileReference; lastKnownFileType = sourcecode.swift; path = HeroesCollectionListCell.swift; sourceTree = "<group>"; };
		509EEC5A25AC90470057441B /* HeroesCatalogViewControllerDataSource.swift */ = {isa = PBXFileReference; fileEncoding = 4; lastKnownFileType = sourcecode.swift; path = HeroesCatalogViewControllerDataSource.swift; sourceTree = "<group>"; };
		509EEC7925AC92460057441B /* CharacterDTO.swift */ = {isa = PBXFileReference; lastKnownFileType = sourcecode.swift; path = CharacterDTO.swift; sourceTree = "<group>"; };
		50BFB00D25ACA7BB009F34FA /* HeroesDetailsViewController.swift */ = {isa = PBXFileReference; lastKnownFileType = sourcecode.swift; path = HeroesDetailsViewController.swift; sourceTree = "<group>"; };
		50BFB01925ACB4A1009F34FA /* DetailsCollectionViewCell.swift */ = {isa = PBXFileReference; lastKnownFileType = sourcecode.swift; path = DetailsCollectionViewCell.swift; sourceTree = "<group>"; };
		50BFB02725ACC5D2009F34FA /* HeroesDetailsDataSourceDelegate.swift */ = {isa = PBXFileReference; lastKnownFileType = sourcecode.swift; path = HeroesDetailsDataSourceDelegate.swift; sourceTree = "<group>"; };
		50C7BCF925A785B4006A235D /* MarvelChallenge.app */ = {isa = PBXFileReference; explicitFileType = wrapper.application; includeInIndex = 0; path = MarvelChallenge.app; sourceTree = BUILT_PRODUCTS_DIR; };
		50C7BCFC25A785B4006A235D /* AppDelegate.swift */ = {isa = PBXFileReference; lastKnownFileType = sourcecode.swift; path = AppDelegate.swift; sourceTree = "<group>"; };
		50C7BCFE25A785B4006A235D /* SceneDelegate.swift */ = {isa = PBXFileReference; lastKnownFileType = sourcecode.swift; path = SceneDelegate.swift; sourceTree = "<group>"; };
		50C7BD0025A785B4006A235D /* HeroesCatalogViewController.swift */ = {isa = PBXFileReference; lastKnownFileType = sourcecode.swift; path = HeroesCatalogViewController.swift; sourceTree = "<group>"; };
		50C7BD0525A785B6006A235D /* Assets.xcassets */ = {isa = PBXFileReference; lastKnownFileType = folder.assetcatalog; path = Assets.xcassets; sourceTree = "<group>"; };
		50C7BD0825A785B6006A235D /* Base */ = {isa = PBXFileReference; lastKnownFileType = file.storyboard; name = Base; path = Base.lproj/LaunchScreen.storyboard; sourceTree = "<group>"; };
		50C7BD0A25A785B6006A235D /* Info.plist */ = {isa = PBXFileReference; lastKnownFileType = text.plist.xml; path = Info.plist; sourceTree = "<group>"; };
		50C7BD0F25A785B7006A235D /* MarvelChallengeTests.xctest */ = {isa = PBXFileReference; explicitFileType = wrapper.cfbundle; includeInIndex = 0; path = MarvelChallengeTests.xctest; sourceTree = BUILT_PRODUCTS_DIR; };
		50C7BD1325A785B7006A235D /* MarvelChallengeTests.swift */ = {isa = PBXFileReference; lastKnownFileType = sourcecode.swift; path = MarvelChallengeTests.swift; sourceTree = "<group>"; };
		50C7BD1525A785B7006A235D /* Info.plist */ = {isa = PBXFileReference; lastKnownFileType = text.plist.xml; path = Info.plist; sourceTree = "<group>"; };
		50C7BD2225A79BD8006A235D /* HeroesCollectionViewCell.swift */ = {isa = PBXFileReference; lastKnownFileType = sourcecode.swift; path = HeroesCollectionViewCell.swift; sourceTree = "<group>"; };
		50C7BD2925A7AECF006A235D /* GridFlowLayout.swift */ = {isa = PBXFileReference; lastKnownFileType = sourcecode.swift; path = GridFlowLayout.swift; sourceTree = "<group>"; };
		CC0000000000000000000003 /* Localizable.swift */ = {isa = PBXFileReference; lastKnownFileType = sourcecode.swift; path = Localizable.swift; sourceTree = "<group>"; };
		CC0000000000000000000005 /* Localizable.xcstrings */ = {isa = PBXFileReference; lastKnownFileType = text.json.xcstrings; path = Localizable.xcstrings; sourceTree = "<group>"; };
		EE0000000000000000000011 /* Character.swift */ = {isa = PBXFileReference; lastKnownFileType = sourcecode.swift; path = Character.swift; sourceTree = "<group>"; };
		FF0000000000000000000011 /* HeroesCatalogView.swift */ = {isa = PBXFileReference; lastKnownFileType = sourcecode.swift; path = HeroesCatalogView.swift; sourceTree = "<group>"; };
		FF0000000000000000000012 /* HeroesDetailsView.swift */ = {isa = PBXFileReference; lastKnownFileType = sourcecode.swift; path = HeroesDetailsView.swift; sourceTree = "<group>"; };
		AB0000000000000000000011 /* MarvelComponents.swift */ = {isa = PBXFileReference; lastKnownFileType = sourcecode.swift; path = MarvelComponents.swift; sourceTree = "<group>"; };
/* End PBXFileReference section */

/* Begin PBXFrameworksBuildPhase section */
		50C7BCF625A785B4006A235D /* Frameworks */ = {
			isa = PBXFrameworksBuildPhase;
			buildActionMask = 2147483647;
			files = (
				BB0000000000000000000001 /* MarvelImageLoader in Frameworks */,
				CC0000000000000000000001 /* MarvelDesignSystem in Frameworks */,
			);
			runOnlyForDeploymentPostprocessing = 0;
		};
		50C7BD0C25A785B7006A235D /* Frameworks */ = {
			isa = PBXFrameworksBuildPhase;
			buildActionMask = 2147483647;
			files = (
			);
			runOnlyForDeploymentPostprocessing = 0;
		};
/* End PBXFrameworksBuildPhase section */

/* Begin PBXGroup section */
		DD0000000000000000000001 /* Application */ = {
			isa = PBXGroup;
			children = (
				AA0000000000000000000011 /* AppCoordinator.swift */,
				50C7BCFC25A785B4006A235D /* AppDelegate.swift */,
				50C7BCFE25A785B4006A235D /* SceneDelegate.swift */,
			);
			path = Application;
			sourceTree = "<group>";
		};
		DD0000000000000000000002 /* Core */ = {
			isa = PBXGroup;
			children = (
				EE0000000000000000000002 /* Domain */,
				DD0000000000000000000003 /* Networking */,
				DD0000000000000000000005 /* Persistence */,
				DD0000000000000000000006 /* Localization */,
				DD0000000000000000000007 /* Extensions */,
			);
			path = Core;
			sourceTree = "<group>";
		};
		EE0000000000000000000002 /* Domain */ = {
			isa = PBXGroup;
			children = (
				EE0000000000000000000011 /* Character.swift */,
			);
			path = Domain;
			sourceTree = "<group>";
		};
		DD0000000000000000000003 /* Networking */ = {
			isa = PBXGroup;
			children = (
				AA0000000000000000000012 /* HeroService.swift */,
				DD0000000000000000000004 /* Models */,
			);
			path = Networking;
			sourceTree = "<group>";
		};
		DD0000000000000000000004 /* Models */ = {
			isa = PBXGroup;
			children = (
				509EEC7925AC92460057441B /* CharacterDTO.swift */,
			);
			path = Models;
			sourceTree = "<group>";
		};
		DD0000000000000000000005 /* Persistence */ = {
			isa = PBXGroup;
			children = (
				AA0000000000000000000013 /* FavoritesStore.swift */,
			);
			path = Persistence;
			sourceTree = "<group>";
		};
		DD0000000000000000000006 /* Localization */ = {
			isa = PBXGroup;
			children = (
				CC0000000000000000000003 /* Localizable.swift */,
				CC0000000000000000000005 /* Localizable.xcstrings */,
			);
			path = Localization;
			sourceTree = "<group>";
		};
		DD0000000000000000000007 /* Extensions */ = {
			isa = PBXGroup;
			children = (
				5025353425A7EA7300B03C4D /* UIViewController+Alert.swift */,
			);
			path = Extensions;
			sourceTree = "<group>";
		};
		DD0000000000000000000008 /* Features */ = {
			isa = PBXGroup;
			children = (
				DD0000000000000000000009 /* HeroesCatalog */,
				DD000000000000000000000D /* HeroesDetails */,
			);
			path = Features;
			sourceTree = "<group>";
		};
		DD0000000000000000000009 /* HeroesCatalog */ = {
			isa = PBXGroup;
			children = (
				DD000000000000000000000A /* View */,
				DD000000000000000000000C /* ViewModel */,
			);
			path = HeroesCatalog;
			sourceTree = "<group>";
		};
		DD000000000000000000000A /* View */ = {
			isa = PBXGroup;
			children = (
				FF0000000000000000000011 /* HeroesCatalogView.swift */,
				50C7BD0025A785B4006A235D /* HeroesCatalogViewController.swift */,
				509EEC5A25AC90470057441B /* HeroesCatalogViewControllerDataSource.swift */,
				DD000000000000000000000B /* Cells */,
				509EEB7C25AC09620057441B /* Layouts */,
			);
			path = View;
			sourceTree = "<group>";
		};
		DD000000000000000000000B /* Cells */ = {
			isa = PBXGroup;
			children = (
				50C7BD2225A79BD8006A235D /* HeroesCollectionViewCell.swift */,
				50733D2225AA7A2A00EAC4FF /* HeroesCollectionListCell.swift */,
			);
			path = Cells;
			sourceTree = "<group>";
		};
		509EEB7C25AC09620057441B /* Layouts */ = {
			isa = PBXGroup;
			children = (
				50C7BD2925A7AECF006A235D /* GridFlowLayout.swift */,
				5025353225A7C60A00B03C4D /* ListFlowLayout.swift */,
			);
			path = Layouts;
			sourceTree = "<group>";
		};
		DD000000000000000000000C /* ViewModel */ = {
			isa = PBXGroup;
			children = (
				AA0000000000000000000015 /* HeroesCatalogViewModel.swift */,
			);
			path = ViewModel;
			sourceTree = "<group>";
		};
		DD000000000000000000000D /* HeroesDetails */ = {
			isa = PBXGroup;
			children = (
				DD000000000000000000000E /* View */,
				DD0000000000000000000010 /* ViewModel */,
			);
			path = HeroesDetails;
			sourceTree = "<group>";
		};
		DD000000000000000000000E /* View */ = {
			isa = PBXGroup;
			children = (
				FF0000000000000000000012 /* HeroesDetailsView.swift */,
				50BFB00D25ACA7BB009F34FA /* HeroesDetailsViewController.swift */,
				50BFB02725ACC5D2009F34FA /* HeroesDetailsDataSourceDelegate.swift */,
				DD000000000000000000000F /* Cells */,
			);
			path = View;
			sourceTree = "<group>";
		};
		DD000000000000000000000F /* Cells */ = {
			isa = PBXGroup;
			children = (
				50BFB01925ACB4A1009F34FA /* DetailsCollectionViewCell.swift */,
			);
			path = Cells;
			sourceTree = "<group>";
		};
		DD0000000000000000000010 /* ViewModel */ = {
			isa = PBXGroup;
			children = (
				AA0000000000000000000016 /* HeroesDetailsViewModel.swift */,
			);
			path = ViewModel;
			sourceTree = "<group>";
		};
		AB0000000000000000000020 /* Shared */ = {
			isa = PBXGroup;
			children = (
				AB0000000000000000000021 /* DesignSystem */,
			);
			path = Shared;
			sourceTree = "<group>";
		};
		AB0000000000000000000021 /* DesignSystem */ = {
			isa = PBXGroup;
			children = (
				AB0000000000000000000011 /* MarvelComponents.swift */,
			);
			path = DesignSystem;
			sourceTree = "<group>";
		};
		50C7BCF025A785B4006A235D = {
			isa = PBXGroup;
			children = (
				50C7BCFB25A785B4006A235D /* MarvelChallenge */,
				50C7BD1225A785B7006A235D /* MarvelChallengeTests */,
				50C7BCFA25A785B4006A235D /* Products */,
			);
			sourceTree = "<group>";
		};
		50C7BCFA25A785B4006A235D /* Products */ = {
			isa = PBXGroup;
			children = (
				50C7BCF925A785B4006A235D /* MarvelChallenge.app */,
				50C7BD0F25A785B7006A235D /* MarvelChallengeTests.xctest */,
			);
			name = Products;
			sourceTree = "<group>";
		};
		50C7BCFB25A785B4006A235D /* MarvelChallenge */ = {
			isa = PBXGroup;
			children = (
				DD0000000000000000000001 /* Application */,
				DD0000000000000000000002 /* Core */,
				DD0000000000000000000008 /* Features */,
				AB0000000000000000000020 /* Shared */,
				50C7BD0525A785B6006A235D /* Assets.xcassets */,
				50C7BD0725A785B6006A235D /* LaunchScreen.storyboard */,
				50C7BD0A25A785B6006A235D /* Info.plist */,
			);
			path = MarvelChallenge;
			sourceTree = "<group>";
		};
		50C7BD1225A785B7006A235D /* MarvelChallengeTests */ = {
			isa = PBXGroup;
			children = (
				50C7BD1325A785B7006A235D /* MarvelChallengeTests.swift */,
				50C7BD1525A785B7006A235D /* Info.plist */,
			);
			path = MarvelChallengeTests;
			sourceTree = "<group>";
		};
/* End PBXGroup section */

/* Begin PBXNativeTarget section */
		50C7BCF825A785B4006A235D /* MarvelChallenge */ = {
			isa = PBXNativeTarget;
			buildConfigurationList = 50C7BD1825A785B7006A235D /* Build configuration list for PBXNativeTarget "MarvelChallenge" */;
			buildPhases = (
				50C7BCF525A785B4006A235D /* Sources */,
				50C7BCF625A785B4006A235D /* Frameworks */,
				50C7BCF725A785B4006A235D /* Resources */,
				509EEBC325AC284F0057441B /* Embed App Extensions */,
			);
			buildRules = (
			);
			dependencies = (
			);
			name = MarvelChallenge;
			packageProductDependencies = (
				BB0000000000000000000003 /* MarvelImageLoader */,
				CC0000000000000000000007 /* MarvelDesignSystem */,
			);
			productName = MarvelChallenge;
			productReference = 50C7BCF925A785B4006A235D /* MarvelChallenge.app */;
			productType = "com.apple.product-type.application";
		};
		50C7BD0E25A785B7006A235D /* MarvelChallengeTests */ = {
			isa = PBXNativeTarget;
			buildConfigurationList = 50C7BD1B25A785B7006A235D /* Build configuration list for PBXNativeTarget "MarvelChallengeTests" */;
			buildPhases = (
				50C7BD0B25A785B7006A235D /* Sources */,
				50C7BD0C25A785B7006A235D /* Frameworks */,
				50C7BD0D25A785B7006A235D /* Resources */,
			);
			buildRules = (
			);
			dependencies = (
				50C7BD1125A785B7006A235D /* PBXTargetDependency */,
			);
			name = MarvelChallengeTests;
			productName = MarvelChallengeTests;
			productReference = 50C7BD0F25A785B7006A235D /* MarvelChallengeTests.xctest */;
			productType = "com.apple.product-type.bundle.unit-test";
		};
/* End PBXNativeTarget section */

/* Begin PBXProject section */
		50C7BCF125A785B4006A235D /* Project object */ = {
			isa = PBXProject;
			attributes = {
				LastSwiftUpdateCheck = 1230;
				LastUpgradeCheck = 1230;
				ORGANIZATIONNAME = "Henrique Silva";
				TargetAttributes = {
					50C7BCF825A785B4006A235D = {
						CreatedOnToolsVersion = 11.3.1;
					};
					50C7BD0E25A785B7006A235D = {
						CreatedOnToolsVersion = 11.3.1;
						TestTargetID = 50C7BCF825A785B4006A235D;
					};
				};
			};
			buildConfigurationList = 50C7BCF425A785B4006A235D /* Build configuration list for PBXProject "MarvelChallenge" */;
			compatibilityVersion = "Xcode 9.3";
			developmentRegion = en;
			hasScannedForEncodings = 0;
			knownRegions = (
				en,
				"pt-BR",
				Base,
			);
			mainGroup = 50C7BCF025A785B4006A235D;
			packageReferences = (
				BB0000000000000000000002 /* XCRemoteSwiftPackageReference "MarvelImageLoader" */,
				CC0000000000000000000006 /* XCRemoteSwiftPackageReference "MarvelDesignSystem" */,
			);
			productRefGroup = 50C7BCFA25A785B4006A235D /* Products */;
			projectDirPath = "";
			projectRoot = "";
			targets = (
				50C7BCF825A785B4006A235D /* MarvelChallenge */,
				50C7BD0E25A785B7006A235D /* MarvelChallengeTests */,
			);
		};
/* End PBXProject section */

/* Begin PBXResourcesBuildPhase section */
		50C7BCF725A785B4006A235D /* Resources */ = {
			isa = PBXResourcesBuildPhase;
			buildActionMask = 2147483647;
			files = (
				CC0000000000000000000004 /* Localizable.xcstrings in Resources */,
				50C7BD0925A785B6006A235D /* LaunchScreen.storyboard in Resources */,
				50C7BD0625A785B6006A235D /* Assets.xcassets in Resources */,
			);
			runOnlyForDeploymentPostprocessing = 0;
		};
		50C7BD0D25A785B7006A235D /* Resources */ = {
			isa = PBXResourcesBuildPhase;
			buildActionMask = 2147483647;
			files = (
			);
			runOnlyForDeploymentPostprocessing = 0;
		};
/* End PBXResourcesBuildPhase section */

/* Begin PBXSourcesBuildPhase section */
		50C7BCF525A785B4006A235D /* Sources */ = {
			isa = PBXSourcesBuildPhase;
			buildActionMask = 2147483647;
			files = (
				AB0000000000000000000001 /* MarvelComponents.swift in Sources */,
				FF0000000000000000000001 /* HeroesCatalogView.swift in Sources */,
				FF0000000000000000000002 /* HeroesDetailsView.swift in Sources */,
				CC0000000000000000000002 /* Localizable.swift in Sources */,
				AA0000000000000000000001 /* AppCoordinator.swift in Sources */,
				AA0000000000000000000002 /* HeroService.swift in Sources */,
				AA0000000000000000000003 /* FavoritesStore.swift in Sources */,
				AA0000000000000000000005 /* HeroesCatalogViewModel.swift in Sources */,
				AA0000000000000000000006 /* HeroesDetailsViewModel.swift in Sources */,
				50BFB02825ACC5D2009F34FA /* HeroesDetailsDataSourceDelegate.swift in Sources */,
				509EEC5B25AC90470057441B /* HeroesCatalogViewControllerDataSource.swift in Sources */,
				50C7BD0125A785B4006A235D /* HeroesCatalogViewController.swift in Sources */,
				5025353325A7C60A00B03C4D /* ListFlowLayout.swift in Sources */,
				50C7BCFD25A785B4006A235D /* AppDelegate.swift in Sources */,
				50733D2325AA7A2A00EAC4FF /* HeroesCollectionListCell.swift in Sources */,
				5025353525A7EA7300B03C4D /* UIViewController+Alert.swift in Sources */,
				50C7BD2A25A7AECF006A235D /* GridFlowLayout.swift in Sources */,
				50C7BD2425A79BD8006A235D /* HeroesCollectionViewCell.swift in Sources */,
				50BFB00E25ACA7BB009F34FA /* HeroesDetailsViewController.swift in Sources */,
				509EEC7A25AC92460057441B /* CharacterDTO.swift in Sources */,
				50C7BCFF25A785B4006A235D /* SceneDelegate.swift in Sources */,
				50BFB01A25ACB4A1009F34FA /* DetailsCollectionViewCell.swift in Sources */,
				EE0000000000000000000001 /* Character.swift in Sources */,
			);
			runOnlyForDeploymentPostprocessing = 0;
		};
		50C7BD0B25A785B7006A235D /* Sources */ = {
			isa = PBXSourcesBuildPhase;
			buildActionMask = 2147483647;
			files = (
				50C7BD1425A785B7006A235D /* MarvelChallengeTests.swift in Sources */,
			);
			runOnlyForDeploymentPostprocessing = 0;
		};
/* End PBXSourcesBuildPhase section */

/* Begin PBXTargetDependency section */
		50C7BD1125A785B7006A235D /* PBXTargetDependency */ = {
			isa = PBXTargetDependency;
			target = 50C7BCF825A785B4006A235D /* MarvelChallenge */;
			targetProxy = 50C7BD1025A785B7006A235D /* PBXContainerItemProxy */;
		};
/* End PBXTargetDependency section */

/* Begin PBXVariantGroup section */
		50C7BD0725A785B6006A235D /* LaunchScreen.storyboard */ = {
			isa = PBXVariantGroup;
			children = (
				50C7BD0825A785B6006A235D /* Base */,
			);
			name = LaunchScreen.storyboard;
			sourceTree = "<group>";
		};
/* End PBXVariantGroup section */

/* Begin XCBuildConfiguration section */
		50C7BD1625A785B7006A235D /* Debug */ = {
			isa = XCBuildConfiguration;
			buildSettings = {
				ALWAYS_SEARCH_USER_PATHS = NO;
				CLANG_ANALYZER_NONNULL = YES;
				CLANG_ANALYZER_NUMBER_OBJECT_CONVERSION = YES_AGGRESSIVE;
				CLANG_CXX_LANGUAGE_STANDARD = "gnu++14";
				CLANG_CXX_LIBRARY = "libc++";
				CLANG_ENABLE_MODULES = YES;
				CLANG_ENABLE_OBJC_ARC = YES;
				CLANG_ENABLE_OBJC_WEAK = YES;
				CLANG_WARN_BLOCK_CAPTURE_AUTORELEASING = YES;
				CLANG_WARN_BOOL_CONVERSION = YES;
				CLANG_WARN_COMMA = YES;
				CLANG_WARN_CONSTANT_CONVERSION = YES;
				CLANG_WARN_DEPRECATED_OBJC_IMPLEMENTATIONS = YES;
				CLANG_WARN_DIRECT_OBJC_ISA_USAGE = YES_ERROR;
				CLANG_WARN_DOCUMENTATION_COMMENTS = YES;
				CLANG_WARN_EMPTY_BODY = YES;
				CLANG_WARN_ENUM_CONVERSION = YES;
				CLANG_WARN_INFINITE_RECURSION = YES;
				CLANG_WARN_INT_CONVERSION = YES;
				CLANG_WARN_NON_LITERAL_NULL_CONVERSION = YES;
				CLANG_WARN_OBJC_IMPLICIT_RETAIN_SELF = YES;
				CLANG_WARN_OBJC_LITERAL_CONVERSION = YES;
				CLANG_WARN_OBJC_ROOT_CLASS = YES_ERROR;
				CLANG_WARN_QUOTED_INCLUDE_IN_FRAMEWORK_HEADER = YES;
				CLANG_WARN_RANGE_LOOP_ANALYSIS = YES;
				CLANG_WARN_STRICT_PROTOTYPES = YES;
				CLANG_WARN_SUSPICIOUS_MOVE = YES;
				CLANG_WARN_UNGUARDED_AVAILABILITY = YES_AGGRESSIVE;
				CLANG_WARN_UNREACHABLE_CODE = YES;
				CLANG_WARN__DUPLICATE_METHOD_MATCH = YES;
				COPY_PHASE_STRIP = NO;
				DEBUG_INFORMATION_FORMAT = dwarf;
				ENABLE_STRICT_OBJC_MSGSEND = YES;
				ENABLE_TESTABILITY = YES;
				GCC_C_LANGUAGE_STANDARD = gnu11;
				GCC_DYNAMIC_NO_PIC = NO;
				GCC_NO_COMMON_BLOCKS = YES;
				GCC_OPTIMIZATION_LEVEL = 0;
				GCC_PREPROCESSOR_DEFINITIONS = (
					"DEBUG=1",
					"$(inherited)",
				);
				GCC_WARN_64_TO_32_BIT_CONVERSION = YES;
				GCC_WARN_ABOUT_RETURN_TYPE = YES_ERROR;
				GCC_WARN_UNDECLARED_SELECTOR = YES;
				GCC_WARN_UNINITIALIZED_AUTOS = YES_AGGRESSIVE;
				GCC_WARN_UNUSED_FUNCTION = YES;
				GCC_WARN_UNUSED_VARIABLE = YES;
				IPHONEOS_DEPLOYMENT_TARGET = 13.2;
				MTL_ENABLE_DEBUG_INFO = INCLUDE_SOURCE;
				MTL_FAST_MATH = YES;
				ONLY_ACTIVE_ARCH = YES;
				SDKROOT = iphoneos;
				SWIFT_ACTIVE_COMPILATION_CONDITIONS = DEBUG;
				SWIFT_OPTIMIZATION_LEVEL = "-Onone";
			};
			name = Debug;
		};
		50C7BD1725A785B7006A235D /* Release */ = {
			isa = XCBuildConfiguration;
			buildSettings = {
				ALWAYS_SEARCH_USER_PATHS = NO;
				CLANG_ANALYZER_NONNULL = YES;
				CLANG_ANALYZER_NUMBER_OBJECT_CONVERSION = YES_AGGRESSIVE;
				CLANG_CXX_LANGUAGE_STANDARD = "gnu++14";
				CLANG_CXX_LIBRARY = "libc++";
				CLANG_ENABLE_MODULES = YES;
				CLANG_ENABLE_OBJC_ARC = YES;
				CLANG_ENABLE_OBJC_WEAK = YES;
				CLANG_WARN_BLOCK_CAPTURE_AUTORELEASING = YES;
				CLANG_WARN_BOOL_CONVERSION = YES;
				CLANG_WARN_COMMA = YES;
				CLANG_WARN_CONSTANT_CONVERSION = YES;
				CLANG_WARN_DEPRECATED_OBJC_IMPLEMENTATIONS = YES;
				CLANG_WARN_DIRECT_OBJC_ISA_USAGE = YES_ERROR;
				CLANG_WARN_DOCUMENTATION_COMMENTS = YES;
				CLANG_WARN_EMPTY_BODY = YES;
				CLANG_WARN_ENUM_CONVERSION = YES;
				CLANG_WARN_INFINITE_RECURSION = YES;
				CLANG_WARN_INT_CONVERSION = YES;
				CLANG_WARN_NON_LITERAL_NULL_CONVERSION = YES;
				CLANG_WARN_OBJC_IMPLICIT_RETAIN_SELF = YES;
				CLANG_WARN_OBJC_LITERAL_CONVERSION = YES;
				CLANG_WARN_OBJC_ROOT_CLASS = YES_ERROR;
				CLANG_WARN_QUOTED_INCLUDE_IN_FRAMEWORK_HEADER = YES;
				CLANG_WARN_RANGE_LOOP_ANALYSIS = YES;
				CLANG_WARN_STRICT_PROTOTYPES = YES;
				CLANG_WARN_SUSPICIOUS_MOVE = YES;
				CLANG_WARN_UNGUARDED_AVAILABILITY = YES_AGGRESSIVE;
				CLANG_WARN_UNREACHABLE_CODE = YES;
				CLANG_WARN__DUPLICATE_METHOD_MATCH = YES;
				COPY_PHASE_STRIP = NO;
				DEBUG_INFORMATION_FORMAT = "dwarf-with-dsym";
				ENABLE_NS_ASSERTIONS = NO;
				ENABLE_STRICT_OBJC_MSGSEND = YES;
				GCC_C_LANGUAGE_STANDARD = gnu11;
				GCC_NO_COMMON_BLOCKS = YES;
				GCC_WARN_64_TO_32_BIT_CONVERSION = YES;
				GCC_WARN_ABOUT_RETURN_TYPE = YES_ERROR;
				GCC_WARN_UNDECLARED_SELECTOR = YES;
				GCC_WARN_UNINITIALIZED_AUTOS = YES_AGGRESSIVE;
				GCC_WARN_UNUSED_FUNCTION = YES;
				GCC_WARN_UNUSED_VARIABLE = YES;
				IPHONEOS_DEPLOYMENT_TARGET = 13.2;
				MTL_ENABLE_DEBUG_INFO = NO;
				MTL_FAST_MATH = YES;
				SDKROOT = iphoneos;
				SWIFT_COMPILATION_MODE = wholemodule;
				SWIFT_OPTIMIZATION_LEVEL = "-O";
				VALIDATE_PRODUCT = YES;
			};
			name = Release;
		};
		50C7BD1925A785B7006A235D /* Debug */ = {
			isa = XCBuildConfiguration;
			buildSettings = {
				ALWAYS_EMBED_SWIFT_STANDARD_LIBRARIES = YES;
				ASSETCATALOG_COMPILER_APPICON_NAME = AppIcon;
				CODE_SIGN_STYLE = Automatic;
				CURRENT_PROJECT_VERSION = 1;
				DEVELOPMENT_TEAM = GW3Q692R66;
				INFOPLIST_FILE = MarvelChallenge/Info.plist;
				IPHONEOS_DEPLOYMENT_TARGET = 13.0;
				MARKETING_VERSION = 2.0.0;
				LD_RUNPATH_SEARCH_PATHS = (
					"$(inherited)",
					"@executable_path/Frameworks",
				);
				PRODUCT_BUNDLE_IDENTIFIER = henrique.silva.MarvelChallenge;
				PRODUCT_NAME = "$(TARGET_NAME)";
				SWIFT_VERSION = 5.0;
				TARGETED_DEVICE_FAMILY = "1,2";
			};
			name = Debug;
		};
		50C7BD1A25A785B7006A235D /* Release */ = {
			isa = XCBuildConfiguration;
			buildSettings = {
				ALWAYS_EMBED_SWIFT_STANDARD_LIBRARIES = YES;
				ASSETCATALOG_COMPILER_APPICON_NAME = AppIcon;
				CODE_SIGN_STYLE = Automatic;
				CURRENT_PROJECT_VERSION = 1;
				DEVELOPMENT_TEAM = GW3Q692R66;
				INFOPLIST_FILE = MarvelChallenge/Info.plist;
				IPHONEOS_DEPLOYMENT_TARGET = 13.0;
				MARKETING_VERSION = 2.0.0;
				LD_RUNPATH_SEARCH_PATHS = (
					"$(inherited)",
					"@executable_path/Frameworks",
				);
				PRODUCT_BUNDLE_IDENTIFIER = henrique.silva.MarvelChallenge;
				PRODUCT_NAME = "$(TARGET_NAME)";
				SWIFT_VERSION = 5.0;
				TARGETED_DEVICE_FAMILY = "1,2";
			};
			name = Release;
		};
		50C7BD1C25A785B7006A235D /* Debug */ = {
			isa = XCBuildConfiguration;
			buildSettings = {
				ALWAYS_EMBED_SWIFT_STANDARD_LIBRARIES = YES;
				BUNDLE_LOADER = "$(TEST_HOST)";
				CODE_SIGN_STYLE = Automatic;
				DEVELOPMENT_TEAM = GW3Q692R66;
				INFOPLIST_FILE = MarvelChallengeTests/Info.plist;
				IPHONEOS_DEPLOYMENT_TARGET = 13.2;
				LD_RUNPATH_SEARCH_PATHS = (
					"$(inherited)",
					"@executable_path/Frameworks",
					"@loader_path/Frameworks",
				);
				PRODUCT_BUNDLE_IDENTIFIER = henrique.silva.MarvelChallengeTests;
				PRODUCT_NAME = "$(TARGET_NAME)";
				SWIFT_VERSION = 5.0;
				TARGETED_DEVICE_FAMILY = "1,2";
				TEST_HOST = "$(BUILT_PRODUCTS_DIR)/MarvelChallenge.app/MarvelChallenge";
			};
			name = Debug;
		};
		50C7BD1D25A785B7006A235D /* Release */ = {
			isa = XCBuildConfiguration;
			buildSettings = {
				ALWAYS_EMBED_SWIFT_STANDARD_LIBRARIES = YES;
				BUNDLE_LOADER = "$(TEST_HOST)";
				CODE_SIGN_STYLE = Automatic;
				DEVELOPMENT_TEAM = GW3Q692R66;
				INFOPLIST_FILE = MarvelChallengeTests/Info.plist;
				IPHONEOS_DEPLOYMENT_TARGET = 13.2;
				LD_RUNPATH_SEARCH_PATHS = (
					"$(inherited)",
					"@executable_path/Frameworks",
					"@loader_path/Frameworks",
				);
				PRODUCT_BUNDLE_IDENTIFIER = henrique.silva.MarvelChallengeTests;
				PRODUCT_NAME = "$(TARGET_NAME)";
				SWIFT_VERSION = 5.0;
				TARGETED_DEVICE_FAMILY = "1,2";
				TEST_HOST = "$(BUILT_PRODUCTS_DIR)/MarvelChallenge.app/MarvelChallenge";
			};
			name = Release;
		};
/* End XCBuildConfiguration section */

/* Begin XCConfigurationList section */
		50C7BCF425A785B4006A235D /* Build configuration list for PBXProject "MarvelChallenge" */ = {
			isa = XCConfigurationList;
			buildConfigurations = (
				50C7BD1625A785B7006A235D /* Debug */,
				50C7BD1725A785B7006A235D /* Release */,
			);
			defaultConfigurationIsVisible = 0;
			defaultConfigurationName = Release;
		};
		50C7BD1825A785B7006A235D /* Build configuration list for PBXNativeTarget "MarvelChallenge" */ = {
			isa = XCConfigurationList;
			buildConfigurations = (
				50C7BD1925A785B7006A235D /* Debug */,
				50C7BD1A25A785B7006A235D /* Release */,
			);
			defaultConfigurationIsVisible = 0;
			defaultConfigurationName = Release;
		};
		50C7BD1B25A785B7006A235D /* Build configuration list for PBXNativeTarget "MarvelChallengeTests" */ = {
			isa = XCConfigurationList;
			buildConfigurations = (
				50C7BD1C25A785B7006A235D /* Debug */,
				50C7BD1D25A785B7006A235D /* Release */,
			);
			defaultConfigurationIsVisible = 0;
			defaultConfigurationName = Release;
		};
/* End XCConfigurationList section */

/* Begin XCRemoteSwiftPackageReference section */
		CC0000000000000000000006 /* XCRemoteSwiftPackageReference "MarvelDesignSystem" */ = {
			isa = XCRemoteSwiftPackageReference;
			repositoryURL = "https://github.com/hrqandrade/MarvelDesignSystem.git";
			requirement = {
				kind = upToNextMajorVersion;
				minimumVersion = 1.0.0;
			};
		};
		BB0000000000000000000002 /* XCRemoteSwiftPackageReference "MarvelImageLoader" */ = {
			isa = XCRemoteSwiftPackageReference;
			repositoryURL = "https://github.com/hrqandrade/MarvelImageLoader.git";
			requirement = {
				kind = upToNextMajorVersion;
				minimumVersion = 1.0.0;
			};
		};
/* End XCRemoteSwiftPackageReference section */

/* Begin XCSwiftPackageProductDependency section */
		CC0000000000000000000007 /* MarvelDesignSystem */ = {
			isa = XCSwiftPackageProductDependency;
			package = CC0000000000000000000006 /* XCRemoteSwiftPackageReference "MarvelDesignSystem" */;
			productName = MarvelDesignSystem;
		};
		BB0000000000000000000003 /* MarvelImageLoader */ = {
			isa = XCSwiftPackageProductDependency;
			package = BB0000000000000000000002 /* XCRemoteSwiftPackageReference "MarvelImageLoader" */;
			productName = MarvelImageLoader;
		};
/* End XCSwiftPackageProductDependency section */
	};
	rootObject = 50C7BCF125A785B4006A235D /* Project object */;
}
